{
  "name": "examination-platform",
  "version": "3.2.0",
  "license": "MIT",
  "engines": {
    "node": "20.x"
  },
  "dependencies": {
    "@supabase/supabase-js": "^2.98.0",
    "jsonwebtoken": "^9.0.3"
  },
  "devDependencies": {
    "http-server": "^14.1.1"
  },
  "overrides": {
    "html-encoding-sniffer": "3.1.0"
  }
}
